# THIS IS AN AUTOGENERATED FILE. DO NOT EDIT THIS FILE DIRECTLY.
# yarn lockfile v1


esy-solve-cudf@^0.1.10:
  version "0.1.10"
  resolved "https://registry.yarnpkg.com/esy-solve-cudf/-/esy-solve-cudf-0.1.10.tgz#2cd48af78183ae8f06c035a398beb65673c2d77d"
  integrity sha512-/MrZOBH0wuJndvZN8pl+S3Mg3zJaK70PH9ZZwqDeJHulghEWROEZxpmenNiS9pqAaxyUVhTZJBt2/vL9jKCJbg==

esy@^0.6.4:
  version "0.6.4"
  resolved "https://registry.yarnpkg.com/esy/-/esy-0.6.4.tgz#44a60e673365911eabb18fa21be4b18f17559623"
  integrity sha512-DIul1QxM1DVrCTx2dc0jYn2mhQBHynlC3Wki35U6iYzeBNq1js3IM9au4v4hK/UyvlYCMlz0MoCI4C88L3+Qkw==
  dependencies:
    esy-solve-cudf "^0.1.10"
